
Microsoft Visual Studio Solution File, Format Version 12.00
# Visual Studio 2012
Project("{2150E333-8FDC-42A3-9474-1A3956D46DE8}") = "Solution Items", "Solution Items", "{9A47409A-1A94-45D0-BAB2-F0820D2C77CB}"
EndProject
Project("{f2a71f9b-5d33-465a-a702-920d77279786}") = "majk", "src\majk\majk.fsproj", "{419F0A1A-AE36-4426-A699-684528A64CFA}"
EndProject
Project("{f2a71f9b-5d33-465a-a702-920d77279786}") = "majktest", "tests\src\majktest\majktest.fsproj", "{E8296128-5779-4C20-AF08-007D589B7B0E}"
EndProject
Global
	GlobalSection(SolutionConfigurationPlatforms) = preSolution
		Debug|Any CPU = Debug|Any CPU
		Release|Any CPU = Release|Any CPU
	EndGlobalSection
	GlobalSection(ProjectConfigurationPlatforms) = postSolution
		{419F0A1A-AE36-4426-A699-684528A64CFA}.Debug|Any CPU.ActiveCfg = Debug|Any CPU
		{419F0A1A-AE36-4426-A699-684528A64CFA}.Debug|Any CPU.Build.0 = Debug|Any CPU
		{419F0A1A-AE36-4426-A699-684528A64CFA}.Release|Any CPU.ActiveCfg = Release|Any CPU
		{419F0A1A-AE36-4426-A699-684528A64CFA}.Release|Any CPU.Build.0 = Release|Any CPU
		{E8296128-5779-4C20-AF08-007D589B7B0E}.Debug|Any CPU.ActiveCfg = Debug|Any CPU
		{E8296128-5779-4C20-AF08-007D589B7B0E}.Debug|Any CPU.Build.0 = Debug|Any CPU
		{E8296128-5779-4C20-AF08-007D589B7B0E}.Release|Any CPU.ActiveCfg = Release|Any CPU
		{E8296128-5779-4C20-AF08-007D589B7B0E}.Release|Any CPU.Build.0 = Release|Any CPU
	EndGlobalSection
	GlobalSection(NestedProjects) = preSolution
	EndGlobalSection
EndGlobal
